
Microsoft Visual Studio Solution File, Format Version 12.00
# Visual Studio Version 17
VisualStudioVersion = 17.8.34525.116
MinimumVisualStudioVersion = 10.0.40219.1
Project("{9A19103F-16F7-4668-BE54-9A1E7A4F7556}") = "GestorControlRemoto.Server", "GestorControlRemoto\Server\GestorControlRemoto.Server.csproj", "{87175290-EB44-4D10-8B10-BD8CF490F744}"
EndProject
Project("{9A19103F-16F7-4668-BE54-9A1E7A4F7556}") = "GestorControlRemoto.Client", "GestorControlRemoto\Client\GestorControlRemoto.Client.csproj", "{14285C4C-5F46-4CF6-8A88-9D284E96DA8E}"
EndProject
Project("{9A19103F-16F7-4668-BE54-9A1E7A4F7556}") = "GestorControlRemoto.Shared", "GestorControlRemoto\Shared\GestorControlRemoto.Shared.csproj", "{50A59287-C835-4619-AEB4-05B656B51DCC}"
EndProject
Global
	GlobalSection(SolutionConfigurationPlatforms) = preSolution
		Debug|Any CPU = Debug|Any CPU
		Release|Any CPU = Release|Any CPU
	EndGlobalSection
	GlobalSection(ProjectConfigurationPlatforms) = postSolution
		{87175290-EB44-4D10-8B10-BD8CF490F744}.Debug|Any CPU.ActiveCfg = Debug|Any CPU
		{87175290-EB44-4D10-8B10-BD8CF490F744}.Debug|Any CPU.Build.0 = Debug|Any CPU
		{87175290-EB44-4D10-8B10-BD8CF490F744}.Release|Any CPU.ActiveCfg = Release|Any CPU
		{87175290-EB44-4D10-8B10-BD8CF490F744}.Release|Any CPU.Build.0 = Release|Any CPU
		{14285C4C-5F46-4CF6-8A88-9D284E96DA8E}.Debug|Any CPU.ActiveCfg = Debug|Any CPU
		{14285C4C-5F46-4CF6-8A88-9D284E96DA8E}.Debug|Any CPU.Build.0 = Debug|Any CPU
		{14285C4C-5F46-4CF6-8A88-9D284E96DA8E}.Release|Any CPU.ActiveCfg = Release|Any CPU
		{14285C4C-5F46-4CF6-8A88-9D284E96DA8E}.Release|Any CPU.Build.0 = Release|Any CPU
		{50A59287-C835-4619-AEB4-05B656B51DCC}.Debug|Any CPU.ActiveCfg = Debug|Any CPU
		{50A59287-C835-4619-AEB4-05B656B51DCC}.Debug|Any CPU.Build.0 = Debug|Any CPU
		{50A59287-C835-4619-AEB4-05B656B51DCC}.Release|Any CPU.ActiveCfg = Release|Any CPU
		{50A59287-C835-4619-AEB4-05B656B51DCC}.Release|Any CPU.Build.0 = Release|Any CPU
	EndGlobalSection
	GlobalSection(SolutionProperties) = preSolution
		HideSolutionNode = FALSE
	EndGlobalSection
	GlobalSection(ExtensibilityGlobals) = postSolution
		SolutionGuid = {CFDDE68B-1129-470E-AD0B-8B44CC5C9F21}
	EndGlobalSection
EndGlobal
